# THIS IS AN AUTOGENERATED FILE. DO NOT EDIT THIS FILE DIRECTLY.
# yarn lockfile v1


ansi-regex@^2.0.0:
  version "2.1.1"
  resolved "http://registry.npm.taobao.org/ansi-regex/download/ansi-regex-2.1.1.tgz#c3b33ab5ee360d86e0e628f0468ae7ef27d654df"

aproba@^1.0.3:
  version "1.2.0"
  resolved "http://registry.npm.taobao.org/aproba/download/aproba-1.2.0.tgz#6802e6264efd18c790a1b0d517f0f2627bf2c94a"

are-we-there-yet@~1.1.2:
  version "1.1.4"
  resolved "http://registry.npm.taobao.org/are-we-there-yet/download/are-we-there-yet-1.1.4.tgz#bb5dca382bb94f05e15194373d16fd3ba1ca110d"
  dependencies:
    delegates "^1.0.0"
    readable-stream "^2.0.6"

bl@^1.0.0:
  version "1.2.2"
  resolved "http://registry.npm.taobao.org/bl/download/bl-1.2.2.tgz#a160911717103c07410cef63ef51b397c025af9c"
  dependencies:
    readable-stream "^2.3.5"
    safe-buffer "^5.1.1"

buffer-alloc-unsafe@^0.1.0:
  version "0.1.1"
  resolved "http://registry.npm.taobao.org/buffer-alloc-unsafe/download/buffer-alloc-unsafe-0.1.1.tgz#ffe1f67551dd055737de253337bfe853dfab1a6a"

buffer-alloc@^1.1.0:
  version "1.1.0"
  resolved "http://registry.npm.taobao.org/buffer-alloc/download/buffer-alloc-1.1.0.tgz#05514d33bf1656d3540c684f65b1202e90eca303"
  dependencies:
    buffer-alloc-unsafe "^0.1.0"
    buffer-fill "^0.1.0"

buffer-fill@^0.1.0:
  version "0.1.1"
  resolved "http://registry.npm.taobao.org/buffer-fill/download/buffer-fill-0.1.1.tgz#76d825c4d6e50e06b7a31eb520c04d08cc235071"

chownr@^1.0.1:
  version "1.0.1"
  resolved "http://registry.npm.taobao.org/chownr/download/chownr-1.0.1.tgz#e2a75042a9551908bebd25b8523d5f9769d79181"

code-point-at@^1.0.0:
  version "1.1.0"
  resolved "http://registry.npm.taobao.org/code-point-at/download/code-point-at-1.1.0.tgz#0d070b4d043a5bea33a2f1a40e2edb3d9a4ccf77"

color-convert@^1.9.1:
  version "1.9.1"
  resolved "http://registry.npm.taobao.org/color-convert/download/color-convert-1.9.1.tgz#c1261107aeb2f294ebffec9ed9ecad529a6097ed"
  dependencies:
    color-name "^1.1.1"

color-name@^1.0.0, color-name@^1.1.1:
  version "1.1.3"
  resolved "http://registry.npm.taobao.org/color-name/download/color-name-1.1.3.tgz#a7d0558bd89c42f795dd42328f740831ca53bc25"

color-string@^1.5.2:
  version "1.5.2"
  resolved "http://registry.npm.taobao.org/color-string/download/color-string-1.5.2.tgz#26e45814bc3c9a7cbd6751648a41434514a773a9"
  dependencies:
    color-name "^1.0.0"
    simple-swizzle "^0.2.2"

color@^3.0.0:
  version "3.0.0"
  resolved "http://registry.npm.taobao.org/color/download/color-3.0.0.tgz#d920b4328d534a3ac8295d68f7bd4ba6c427be9a"
  dependencies:
    color-convert "^1.9.1"
    color-string "^1.5.2"

console-control-strings@^1.0.0, console-control-strings@~1.1.0:
  version "1.1.0"
  resolved "http://registry.npm.taobao.org/console-control-strings/download/console-control-strings-1.1.0.tgz#3d7cf4464db6446ea644bf4b39507f9851008e8e"

core-util-is@~1.0.0:
  version "1.0.2"
  resolved "http://registry.npm.taobao.org/core-util-is/download/core-util-is-1.0.2.tgz#b5fd54220aa2bc5ab57aab7140c940754503c1a7"

decompress-response@^3.3.0:
  version "3.3.0"
  resolved "http://registry.npm.taobao.org/decompress-response/download/decompress-response-3.3.0.tgz#80a4dd323748384bfa248083622aedec982adff3"
  dependencies:
    mimic-response "^1.0.0"

deep-extend@^0.5.1:
  version "0.5.1"
  resolved "http://registry.npm.taobao.org/deep-extend/download/deep-extend-0.5.1.tgz#b894a9dd90d3023fbf1c55a394fb858eb2066f1f"

delegates@^1.0.0:
  version "1.0.0"
  resolved "http://registry.npm.taobao.org/delegates/download/delegates-1.0.0.tgz#84c6e159b81904fdca59a0ef44cd870d31250f9a"

detect-libc@^1.0.3:
  version "1.0.3"
  resolved "http://registry.npm.taobao.org/detect-libc/download/detect-libc-1.0.3.tgz#fa137c4bd698edf55cd5cd02ac559f91a4c4ba9b"

end-of-stream@^1.0.0, end-of-stream@^1.1.0:
  version "1.4.1"
  resolved "http://registry.npm.taobao.org/end-of-stream/download/end-of-stream-1.4.1.tgz#ed29634d19baba463b6ce6b80a37213eab71ec43"
  dependencies:
    once "^1.4.0"

expand-template@^1.0.2:
  version "1.1.1"
  resolved "http://registry.npm.taobao.org/expand-template/download/expand-template-1.1.1.tgz#981f188c0c3a87d2e28f559bc541426ff94f21dd"

fs-constants@^1.0.0:
  version "1.0.0"
  resolved "http://registry.npm.taobao.org/fs-constants/download/fs-constants-1.0.0.tgz#6be0de9be998ce16af8afc24497b9ee9b7ccd9ad"

fs-copy-file-sync@^1.0.1:
  version "1.1.1"
  resolved "http://registry.npm.taobao.org/fs-copy-file-sync/download/fs-copy-file-sync-1.1.1.tgz#11bf32c096c10d126e5f6b36d06eece776062918"

fs-minipass@^1.2.5:
  version "1.2.5"
  resolved "http://registry.npm.taobao.org/fs-minipass/download/fs-minipass-1.2.5.tgz#06c277218454ec288df77ada54a03b8702aacb9d"
  dependencies:
    minipass "^2.2.1"

gauge@~2.7.3:
  version "2.7.4"
  resolved "http://registry.npm.taobao.org/gauge/download/gauge-2.7.4.tgz#2c03405c7538c39d7eb37b317022e325fb018bf7"
  dependencies:
    aproba "^1.0.3"
    console-control-strings "^1.0.0"
    has-unicode "^2.0.0"
    object-assign "^4.1.0"
    signal-exit "^3.0.0"
    string-width "^1.0.1"
    strip-ansi "^3.0.1"
    wide-align "^1.1.0"

github-from-package@0.0.0:
  version "0.0.0"
  resolved "http://registry.npm.taobao.org/github-from-package/download/github-from-package-0.0.0.tgz#97fb5d96bfde8973313f20e8288ef9a167fa64ce"

has-unicode@^2.0.0:
  version "2.0.1"
  resolved "http://registry.npm.taobao.org/has-unicode/download/has-unicode-2.0.1.tgz#e0e6fe6a28cf51138855e086d1691e771de2a8b9"

inherits@~2.0.3:
  version "2.0.3"
  resolved "http://registry.npm.taobao.org/inherits/download/inherits-2.0.3.tgz#633c2c83e3da42a502f52466022480f4208261de"

ini@~1.3.0:
  version "1.3.5"
  resolved "http://registry.npm.taobao.org/ini/download/ini-1.3.5.tgz#eee25f56db1c9ec6085e0c22778083f596abf927"

is-arrayish@^0.3.1:
  version "0.3.1"
  resolved "http://registry.npm.taobao.org/is-arrayish/download/is-arrayish-0.3.1.tgz#c2dfc386abaa0c3e33c48db3fe87059e69065efd"

is-fullwidth-code-point@^1.0.0:
  version "1.0.0"
  resolved "http://registry.npm.taobao.org/is-fullwidth-code-point/download/is-fullwidth-code-point-1.0.0.tgz#ef9e31386f031a7f0d643af82fde50c457ef00cb"
  dependencies:
    number-is-nan "^1.0.0"

isarray@~1.0.0:
  version "1.0.0"
  resolved "http://registry.npm.taobao.org/isarray/download/isarray-1.0.0.tgz#bb935d48582cba168c06834957a54a3e07124f11"

mimic-response@^1.0.0:
  version "1.0.0"
  resolved "http://registry.npm.taobao.org/mimic-response/download/mimic-response-1.0.0.tgz#df3d3652a73fded6b9b0b24146e6fd052353458e"

minimist@0.0.8:
  version "0.0.8"
  resolved "http://registry.npm.taobao.org/minimist/download/minimist-0.0.8.tgz#857fcabfc3397d2625b8228262e86aa7a011b05d"

minimist@^1.2.0:
  version "1.2.0"
  resolved "http://registry.npm.taobao.org/minimist/download/minimist-1.2.0.tgz#a35008b20f41383eec1fb914f4cd5df79a264284"

minipass@^2.2.1, minipass@^2.2.4:
  version "2.3.3"
  resolved "http://registry.npm.taobao.org/minipass/download/minipass-2.3.3.tgz#a7dcc8b7b833f5d368759cce544dccb55f50f233"
  dependencies:
    safe-buffer "^5.1.2"
    yallist "^3.0.0"

minizlib@^1.1.0:
  version "1.1.0"
  resolved "http://registry.npm.taobao.org/minizlib/download/minizlib-1.1.0.tgz#11e13658ce46bc3a70a267aac58359d1e0c29ceb"
  dependencies:
    minipass "^2.2.1"

mkdirp@^0.5.0, mkdirp@^0.5.1:
  version "0.5.1"
  resolved "http://registry.npm.taobao.org/mkdirp/download/mkdirp-0.5.1.tgz#30057438eac6cf7f8c4767f38648d6697d75c903"
  dependencies:
    minimist "0.0.8"

nan@^2.10.0:
  version "2.10.0"
  resolved "http://registry.npm.taobao.org/nan/download/nan-2.10.0.tgz#96d0cd610ebd58d4b4de9cc0c6828cda99c7548f"

node-abi@^2.2.0:
  version "2.4.1"
  resolved "http://registry.npm.taobao.org/node-abi/download/node-abi-2.4.1.tgz#7628c4d4ec4e9cd3764ceb3652f36b2e7f8d4923"
  dependencies:
    semver "^5.4.1"

noop-logger@^0.1.1:
  version "0.1.1"
  resolved "http://registry.npm.taobao.org/noop-logger/download/noop-logger-0.1.1.tgz#94a2b1633c4f1317553007d8966fd0e841b6a4c2"

npmlog@^4.0.1, npmlog@^4.1.2:
  version "4.1.2"
  resolved "http://registry.npm.taobao.org/npmlog/download/npmlog-4.1.2.tgz#08a7f2a8bf734604779a9efa4ad5cc717abb954b"
  dependencies:
    are-we-there-yet "~1.1.2"
    console-control-strings "~1.1.0"
    gauge "~2.7.3"
    set-blocking "~2.0.0"

number-is-nan@^1.0.0:
  version "1.0.1"
  resolved "http://registry.npm.taobao.org/number-is-nan/download/number-is-nan-1.0.1.tgz#097b602b53422a522c1afb8790318336941a011d"

object-assign@^4.1.0:
  version "4.1.1"
  resolved "http://registry.npm.taobao.org/object-assign/download/object-assign-4.1.1.tgz#2109adc7965887cfc05cbbd442cac8bfbb360863"

once@^1.3.1, once@^1.4.0:
  version "1.4.0"
  resolved "http://registry.npm.taobao.org/once/download/once-1.4.0.tgz#583b1aa775961d4b113ac17d9c50baef9dd76bd1"
  dependencies:
    wrappy "1"

os-homedir@^1.0.1:
  version "1.0.2"
  resolved "http://registry.npm.taobao.org/os-homedir/download/os-homedir-1.0.2.tgz#ffbc4988336e0e833de0c168c7ef152121aa7fb3"

prebuild-install@^2.5.3:
  version "2.5.3"
  resolved "http://registry.npm.taobao.org/prebuild-install/download/prebuild-install-2.5.3.tgz#9f65f242782d370296353710e9bc843490c19f69"
  dependencies:
    detect-libc "^1.0.3"
    expand-template "^1.0.2"
    github-from-package "0.0.0"
    minimist "^1.2.0"
    mkdirp "^0.5.1"
    node-abi "^2.2.0"
    noop-logger "^0.1.1"
    npmlog "^4.0.1"
    os-homedir "^1.0.1"
    pump "^2.0.1"
    rc "^1.1.6"
    simple-get "^2.7.0"
    tar-fs "^1.13.0"
    tunnel-agent "^0.6.0"
    which-pm-runs "^1.0.0"

process-nextick-args@~2.0.0:
  version "2.0.0"
  resolved "http://registry.npm.taobao.org/process-nextick-args/download/process-nextick-args-2.0.0.tgz#a37d732f4271b4ab1ad070d35508e8290788ffaa"

pump@^1.0.0:
  version "1.0.3"
  resolved "http://registry.npm.taobao.org/pump/download/pump-1.0.3.tgz#5dfe8311c33bbf6fc18261f9f34702c47c08a954"
  dependencies:
    end-of-stream "^1.1.0"
    once "^1.3.1"

pump@^2.0.1:
  version "2.0.1"
  resolved "http://registry.npm.taobao.org/pump/download/pump-2.0.1.tgz#12399add6e4cf7526d973cbc8b5ce2e2908b3909"
  dependencies:
    end-of-stream "^1.1.0"
    once "^1.3.1"

rc@^1.1.6:
  version "1.2.7"
  resolved "http://registry.npm.taobao.org/rc/download/rc-1.2.7.tgz#8a10ca30d588d00464360372b890d06dacd02297"
  dependencies:
    deep-extend "^0.5.1"
    ini "~1.3.0"
    minimist "^1.2.0"
    strip-json-comments "~2.0.1"

readable-stream@^2.0.6, readable-stream@^2.3.0, readable-stream@^2.3.5:
  version "2.3.6"
  resolved "http://registry.npm.taobao.org/readable-stream/download/readable-stream-2.3.6.tgz#b11c27d88b8ff1fbe070643cf94b0c79ae1b0aaf"
  dependencies:
    core-util-is "~1.0.0"
    inherits "~2.0.3"
    isarray "~1.0.0"
    process-nextick-args "~2.0.0"
    safe-buffer "~5.1.1"
    string_decoder "~1.1.1"
    util-deprecate "~1.0.1"

safe-buffer@^5.0.1, safe-buffer@^5.1.1, safe-buffer@^5.1.2, safe-buffer@~5.1.0, safe-buffer@~5.1.1:
  version "5.1.2"
  resolved "http://registry.npm.taobao.org/safe-buffer/download/safe-buffer-5.1.2.tgz#991ec69d296e0313747d59bdfd2b745c35f8828d"

semver@^5.4.1, semver@^5.5.0:
  version "5.5.0"
  resolved "http://registry.npm.taobao.org/semver/download/semver-5.5.0.tgz#dc4bbc7a6ca9d916dee5d43516f0092b58f7b8ab"

set-blocking@~2.0.0:
  version "2.0.0"
  resolved "http://registry.npm.taobao.org/set-blocking/download/set-blocking-2.0.0.tgz#045f9782d011ae9a6803ddd382b24392b3d890f7"

sharp@^0.20.2:
  version "0.20.2"
  resolved "http://registry.npm.taobao.org/sharp/download/sharp-0.20.2.tgz#f2c8a9a33e83352fa5915eb4936cc817ef0ce6d0"
  dependencies:
    color "^3.0.0"
    detect-libc "^1.0.3"
    fs-copy-file-sync "^1.0.1"
    nan "^2.10.0"
    npmlog "^4.1.2"
    prebuild-install "^2.5.3"
    semver "^5.5.0"
    simple-get "^2.8.1"
    tar "^4.4.1"
    tunnel-agent "^0.6.0"

signal-exit@^3.0.0:
  version "3.0.2"
  resolved "http://registry.npm.taobao.org/signal-exit/download/signal-exit-3.0.2.tgz#b5fdc08f1287ea1178628e415e25132b73646c6d"

simple-concat@^1.0.0:
  version "1.0.0"
  resolved "http://registry.npm.taobao.org/simple-concat/download/simple-concat-1.0.0.tgz#7344cbb8b6e26fb27d66b2fc86f9f6d5997521c6"

simple-get@^2.7.0, simple-get@^2.8.1:
  version "2.8.1"
  resolved "http://registry.npm.taobao.org/simple-get/download/simple-get-2.8.1.tgz#0e22e91d4575d87620620bc91308d57a77f44b5d"
  dependencies:
    decompress-response "^3.3.0"
    once "^1.3.1"
    simple-concat "^1.0.0"

simple-swizzle@^0.2.2:
  version "0.2.2"
  resolved "http://registry.npm.taobao.org/simple-swizzle/download/simple-swizzle-0.2.2.tgz#a4da6b635ffcccca33f70d17cb92592de95e557a"
  dependencies:
    is-arrayish "^0.3.1"

string-width@^1.0.1, string-width@^1.0.2:
  version "1.0.2"
  resolved "http://registry.npm.taobao.org/string-width/download/string-width-1.0.2.tgz#118bdf5b8cdc51a2a7e70d211e07e2b0b9b107d3"
  dependencies:
    code-point-at "^1.0.0"
    is-fullwidth-code-point "^1.0.0"
    strip-ansi "^3.0.0"

string_decoder@~1.1.1:
  version "1.1.1"
  resolved "http://registry.npm.taobao.org/string_decoder/download/string_decoder-1.1.1.tgz#9cf1611ba62685d7030ae9e4ba34149c3af03fc8"
  dependencies:
    safe-buffer "~5.1.0"

strip-ansi@^3.0.0, strip-ansi@^3.0.1:
  version "3.0.1"
  resolved "http://registry.npm.taobao.org/strip-ansi/download/strip-ansi-3.0.1.tgz#6a385fb8853d952d5ff05d0e8aaf94278dc63dcf"
  dependencies:
    ansi-regex "^2.0.0"

strip-json-comments@~2.0.1:
  version "2.0.1"
  resolved "http://registry.npm.taobao.org/strip-json-comments/download/strip-json-comments-2.0.1.tgz#3c531942e908c2697c0ec344858c286c7ca0a60a"

tar-fs@^1.13.0:
  version "1.16.2"
  resolved "http://registry.npm.taobao.org/tar-fs/download/tar-fs-1.16.2.tgz#17e5239747e399f7e77344f5f53365f04af53577"
  dependencies:
    chownr "^1.0.1"
    mkdirp "^0.5.1"
    pump "^1.0.0"
    tar-stream "^1.1.2"

tar-stream@^1.1.2:
  version "1.6.1"
  resolved "http://registry.npm.taobao.org/tar-stream/download/tar-stream-1.6.1.tgz#f84ef1696269d6223ca48f6e1eeede3f7e81f395"
  dependencies:
    bl "^1.0.0"
    buffer-alloc "^1.1.0"
    end-of-stream "^1.0.0"
    fs-constants "^1.0.0"
    readable-stream "^2.3.0"
    to-buffer "^1.1.0"
    xtend "^4.0.0"

tar@^4.4.1:
  version "4.4.2"
  resolved "http://registry.npm.taobao.org/tar/download/tar-4.4.2.tgz#60685211ba46b38847b1ae7ee1a24d744a2cd462"
  dependencies:
    chownr "^1.0.1"
    fs-minipass "^1.2.5"
    minipass "^2.2.4"
    minizlib "^1.1.0"
    mkdirp "^0.5.0"
    safe-buffer "^5.1.2"
    yallist "^3.0.2"

to-buffer@^1.1.0:
  version "1.1.1"
  resolved "http://registry.npm.taobao.org/to-buffer/download/to-buffer-1.1.1.tgz#493bd48f62d7c43fcded313a03dcadb2e1213a80"

tunnel-agent@^0.6.0:
  version "0.6.0"
  resolved "http://registry.npm.taobao.org/tunnel-agent/download/tunnel-agent-0.6.0.tgz#27a5dea06b36b04a0a9966774b290868f0fc40fd"
  dependencies:
    safe-buffer "^5.0.1"

util-deprecate@~1.0.1:
  version "1.0.2"
  resolved "http://registry.npm.taobao.org/util-deprecate/download/util-deprecate-1.0.2.tgz#450d4dc9fa70de732762fbd2d4a28981419a0ccf"

which-pm-runs@^1.0.0:
  version "1.0.0"
  resolved "http://registry.npm.taobao.org/which-pm-runs/download/which-pm-runs-1.0.0.tgz#670b3afbc552e0b55df6b7780ca74615f23ad1cb"

wide-align@^1.1.0:
  version "1.1.2"
  resolved "http://registry.npm.taobao.org/wide-align/download/wide-align-1.1.2.tgz#571e0f1b0604636ebc0dfc21b0339bbe31341710"
  dependencies:
    string-width "^1.0.2"

wrappy@1:
  version "1.0.2"
  resolved "http://registry.npm.taobao.org/wrappy/download/wrappy-1.0.2.tgz#b5243d8f3ec1aa35f1364605bc0d1036e30ab69f"

xtend@^4.0.0:
  version "4.0.1"
  resolved "http://registry.npm.taobao.org/xtend/download/xtend-4.0.1.tgz#a5c6d532be656e23db820efb943a1f04998d63af"

yallist@^3.0.0, yallist@^3.0.2:
  version "3.0.2"
  resolved "http://registry.npm.taobao.org/yallist/download/yallist-3.0.2.tgz#8452b4bb7e83c7c188d8041c1a837c773d6d8bb9"
